
Microsoft Visual Studio Solution File, Format Version 12.00
# Visual Studio 14
VisualStudioVersion = 14.0.25123.0
MinimumVisualStudioVersion = 10.0.40219.1
Project("{8BC9CEB8-8B4A-11D0-8D11-00A0C91BC942}") = "计算球体积", "计算球体积\计算球体积.vcxproj", "{D1D73AA6-685F-4AC3-BE5F-1D141BE9D851}"
EndProject
Project("{8BC9CEB8-8B4A-11D0-8D11-00A0C91BC942}") = "老王赛马", "老王赛马\老王赛马.vcxproj", "{252C5B03-20A6-4316-ADD0-104162119EEF}"
EndProject
Project("{8BC9CEB8-8B4A-11D0-8D11-00A0C91BC942}") = "农场的边长", "农场的边长\农场的边长.vcxproj", "{1E73798B-0183-4D0B-9609-18BEDFF6A687}"
EndProject
Project("{8BC9CEB8-8B4A-11D0-8D11-00A0C91BC942}") = "能量项链", "能量项链\能量项链.vcxproj", "{2B15408B-D6B4-4518-8D12-37EAEC80D364}"
EndProject
Project("{8BC9CEB8-8B4A-11D0-8D11-00A0C91BC942}") = "超级楼梯", "超级楼梯\超级楼梯.vcxproj", "{38CD4EA7-CCA8-4E80-8247-5CF578EC9F53}"
EndProject
Project("{8BC9CEB8-8B4A-11D0-8D11-00A0C91BC942}") = "邮局选址问题", "邮局选址问题\邮局选址问题.vcxproj", "{BC5B7120-ADF7-472E-8E34-A6C41DBE5BEF}"
EndProject
Project("{8BC9CEB8-8B4A-11D0-8D11-00A0C91BC942}") = "VIJOS-P1037", "VIJOS-P1037\VIJOS-P1037.vcxproj", "{07CD0A28-3F84-42B2-890C-0885F5F957BC}"
EndProject
Project("{8BC9CEB8-8B4A-11D0-8D11-00A0C91BC942}") = "VIJOS-P1232", "VIJOS-P1232\VIJOS-P1232.vcxproj", "{C4714F7A-50D8-4602-92FF-50A5D456AE92}"
EndProject
Project("{8BC9CEB8-8B4A-11D0-8D11-00A0C91BC942}") = "VIJOS-P1080", "VIJOS-P1080\VIJOS-P1080.vcxproj", "{D0D331E3-4465-4C9B-9AB1-4035B17DFF25}"
EndProject
Project("{8BC9CEB8-8B4A-11D0-8D11-00A0C91BC942}") = "单侧跳马问题", "单侧跳马问题\单侧跳马问题.vcxproj", "{5547553C-BCF2-43B4-91C5-DEDEBDD81E31}"
EndProject
Project("{8BC9CEB8-8B4A-11D0-8D11-00A0C91BC942}") = "悟空的难题", "悟空的难题\悟空的难题.vcxproj", "{F0A86A34-D15F-4F8C-A893-F92ED13E08C4}"
EndProject
Project("{8BC9CEB8-8B4A-11D0-8D11-00A0C91BC942}") = "滑雪（大数据）", "滑雪（大数据）\滑雪（大数据）.vcxproj", "{CFCE8335-AB79-4066-8159-E0225F7D093C}"
EndProject
Project("{8BC9CEB8-8B4A-11D0-8D11-00A0C91BC942}") = "最长公共子序列", "最长公共子序列\最长公共子序列.vcxproj", "{66D86A35-4BDD-47BD-83C3-5C33825565C2}"
EndProject
Project("{8BC9CEB8-8B4A-11D0-8D11-00A0C91BC942}") = "银币问题", "银币问题\银币问题.vcxproj", "{3DEF0DC5-7C47-4240-B6E4-D48D807EE78F}"
EndProject
Project("{8BC9CEB8-8B4A-11D0-8D11-00A0C91BC942}") = "哈夫曼编码", "哈夫曼编码\哈夫曼编码.vcxproj", "{70B5A53D-C1C7-4358-A083-206D79E63152}"
EndProject
Project("{8BC9CEB8-8B4A-11D0-8D11-00A0C91BC942}") = "小6的多米诺骨牌", "小6的多米诺骨牌\小6的多米诺骨牌.vcxproj", "{EC9DC727-6746-4622-AECD-211C040F540E}"
EndProject
Project("{8BC9CEB8-8B4A-11D0-8D11-00A0C91BC942}") = "Apple Trees", "Apple Trees\Apple Trees.vcxproj", "{A541C3F4-CE36-4A29-9139-CD60C23AFFDE}"
EndProject
Project("{8BC9CEB8-8B4A-11D0-8D11-00A0C91BC942}") = "Dispsy loves flowers", "Dispsy loves flowers\Dispsy loves flowers.vcxproj", "{DA94E23F-C11C-4142-92B4-F339180E4639}"
EndProject
Global
	GlobalSection(SolutionConfigurationPlatforms) = preSolution
		Debug|x64 = Debug|x64
		Debug|x86 = Debug|x86
		Release|x64 = Release|x64
		Release|x86 = Release|x86
	EndGlobalSection
	GlobalSection(ProjectConfigurationPlatforms) = postSolution
		{D1D73AA6-685F-4AC3-BE5F-1D141BE9D851}.Debug|x64.ActiveCfg = Debug|x64
		{D1D73AA6-685F-4AC3-BE5F-1D141BE9D851}.Debug|x64.Build.0 = Debug|x64
		{D1D73AA6-685F-4AC3-BE5F-1D141BE9D851}.Debug|x86.ActiveCfg = Debug|Win32
		{D1D73AA6-685F-4AC3-BE5F-1D141BE9D851}.Debug|x86.Build.0 = Debug|Win32
		{D1D73AA6-685F-4AC3-BE5F-1D141BE9D851}.Release|x64.ActiveCfg = Release|x64
		{D1D73AA6-685F-4AC3-BE5F-1D141BE9D851}.Release|x64.Build.0 = Release|x64
		{D1D73AA6-685F-4AC3-BE5F-1D141BE9D851}.Release|x86.ActiveCfg = Release|Win32
		{D1D73AA6-685F-4AC3-BE5F-1D141BE9D851}.Release|x86.Build.0 = Release|Win32
		{252C5B03-20A6-4316-ADD0-104162119EEF}.Debug|x64.ActiveCfg = Debug|x64
		{252C5B03-20A6-4316-ADD0-104162119EEF}.Debug|x64.Build.0 = Debug|x64
		{252C5B03-20A6-4316-ADD0-104162119EEF}.Debug|x86.ActiveCfg = Debug|Win32
		{252C5B03-20A6-4316-ADD0-104162119EEF}.Debug|x86.Build.0 = Debug|Win32
		{252C5B03-20A6-4316-ADD0-104162119EEF}.Release|x64.ActiveCfg = Release|x64
		{252C5B03-20A6-4316-ADD0-104162119EEF}.Release|x64.Build.0 = Release|x64
		{252C5B03-20A6-4316-ADD0-104162119EEF}.Release|x86.ActiveCfg = Release|Win32
		{252C5B03-20A6-4316-ADD0-104162119EEF}.Release|x86.Build.0 = Release|Win32
		{1E73798B-0183-4D0B-9609-18BEDFF6A687}.Debug|x64.ActiveCfg = Debug|x64
		{1E73798B-0183-4D0B-9609-18BEDFF6A687}.Debug|x64.Build.0 = Debug|x64
		{1E73798B-0183-4D0B-9609-18BEDFF6A687}.Debug|x86.ActiveCfg = Debug|Win32
		{1E73798B-0183-4D0B-9609-18BEDFF6A687}.Debug|x86.Build.0 = Debug|Win32
		{1E73798B-0183-4D0B-9609-18BEDFF6A687}.Release|x64.ActiveCfg = Release|x64
		{1E73798B-0183-4D0B-9609-18BEDFF6A687}.Release|x64.Build.0 = Release|x64
		{1E73798B-0183-4D0B-9609-18BEDFF6A687}.Release|x86.ActiveCfg = Release|Win32
		{1E73798B-0183-4D0B-9609-18BEDFF6A687}.Release|x86.Build.0 = Release|Win32
		{2B15408B-D6B4-4518-8D12-37EAEC80D364}.Debug|x64.ActiveCfg = Debug|x64
		{2B15408B-D6B4-4518-8D12-37EAEC80D364}.Debug|x64.Build.0 = Debug|x64
		{2B15408B-D6B4-4518-8D12-37EAEC80D364}.Debug|x86.ActiveCfg = Debug|Win32
		{2B15408B-D6B4-4518-8D12-37EAEC80D364}.Debug|x86.Build.0 = Debug|Win32
		{2B15408B-D6B4-4518-8D12-37EAEC80D364}.Release|x64.ActiveCfg = Release|x64
		{2B15408B-D6B4-4518-8D12-37EAEC80D364}.Release|x64.Build.0 = Release|x64
		{2B15408B-D6B4-4518-8D12-37EAEC80D364}.Release|x86.ActiveCfg = Release|Win32
		{2B15408B-D6B4-4518-8D12-37EAEC80D364}.Release|x86.Build.0 = Release|Win32
		{38CD4EA7-CCA8-4E80-8247-5CF578EC9F53}.Debug|x64.ActiveCfg = Debug|x64
		{38CD4EA7-CCA8-4E80-8247-5CF578EC9F53}.Debug|x64.Build.0 = Debug|x64
		{38CD4EA7-CCA8-4E80-8247-5CF578EC9F53}.Debug|x86.ActiveCfg = Debug|Win32
		{38CD4EA7-CCA8-4E80-8247-5CF578EC9F53}.Debug|x86.Build.0 = Debug|Win32
		{38CD4EA7-CCA8-4E80-8247-5CF578EC9F53}.Release|x64.ActiveCfg = Release|x64
		{38CD4EA7-CCA8-4E80-8247-5CF578EC9F53}.Release|x64.Build.0 = Release|x64
		{38CD4EA7-CCA8-4E80-8247-5CF578EC9F53}.Release|x86.ActiveCfg = Release|Win32
		{38CD4EA7-CCA8-4E80-8247-5CF578EC9F53}.Release|x86.Build.0 = Release|Win32
		{BC5B7120-ADF7-472E-8E34-A6C41DBE5BEF}.Debug|x64.ActiveCfg = Debug|x64
		{BC5B7120-ADF7-472E-8E34-A6C41DBE5BEF}.Debug|x64.Build.0 = Debug|x64
		{BC5B7120-ADF7-472E-8E34-A6C41DBE5BEF}.Debug|x86.ActiveCfg = Debug|Win32
		{BC5B7120-ADF7-472E-8E34-A6C41DBE5BEF}.Debug|x86.Build.0 = Debug|Win32
		{BC5B7120-ADF7-472E-8E34-A6C41DBE5BEF}.Release|x64.ActiveCfg = Release|x64
		{BC5B7120-ADF7-472E-8E34-A6C41DBE5BEF}.Release|x64.Build.0 = Release|x64
		{BC5B7120-ADF7-472E-8E34-A6C41DBE5BEF}.Release|x86.ActiveCfg = Release|Win32
		{BC5B7120-ADF7-472E-8E34-A6C41DBE5BEF}.Release|x86.Build.0 = Release|Win32
		{07CD0A28-3F84-42B2-890C-0885F5F957BC}.Debug|x64.ActiveCfg = Debug|x64
		{07CD0A28-3F84-42B2-890C-0885F5F957BC}.Debug|x64.Build.0 = Debug|x64
		{07CD0A28-3F84-42B2-890C-0885F5F957BC}.Debug|x86.ActiveCfg = Debug|Win32
		{07CD0A28-3F84-42B2-890C-0885F5F957BC}.Debug|x86.Build.0 = Debug|Win32
		{07CD0A28-3F84-42B2-890C-0885F5F957BC}.Release|x64.ActiveCfg = Release|x64
		{07CD0A28-3F84-42B2-890C-0885F5F957BC}.Release|x64.Build.0 = Release|x64
		{07CD0A28-3F84-42B2-890C-0885F5F957BC}.Release|x86.ActiveCfg = Release|Win32
		{07CD0A28-3F84-42B2-890C-0885F5F957BC}.Release|x86.Build.0 = Release|Win32
		{C4714F7A-50D8-4602-92FF-50A5D456AE92}.Debug|x64.ActiveCfg = Debug|x64
		{C4714F7A-50D8-4602-92FF-50A5D456AE92}.Debug|x64.Build.0 = Debug|x64
		{C4714F7A-50D8-4602-92FF-50A5D456AE92}.Debug|x86.ActiveCfg = Debug|Win32
		{C4714F7A-50D8-4602-92FF-50A5D456AE92}.Debug|x86.Build.0 = Debug|Win32
		{C4714F7A-50D8-4602-92FF-50A5D456AE92}.Release|x64.ActiveCfg = Release|x64
		{C4714F7A-50D8-4602-92FF-50A5D456AE92}.Release|x64.Build.0 = Release|x64
		{C4714F7A-50D8-4602-92FF-50A5D456AE92}.Release|x86.ActiveCfg = Release|Win32
		{C4714F7A-50D8-4602-92FF-50A5D456AE92}.Release|x86.Build.0 = Release|Win32
		{D0D331E3-4465-4C9B-9AB1-4035B17DFF25}.Debug|x64.ActiveCfg = Debug|x64
		{D0D331E3-4465-4C9B-9AB1-4035B17DFF25}.Debug|x64.Build.0 = Debug|x64
		{D0D331E3-4465-4C9B-9AB1-4035B17DFF25}.Debug|x86.ActiveCfg = Debug|Win32
		{D0D331E3-4465-4C9B-9AB1-4035B17DFF25}.Debug|x86.Build.0 = Debug|Win32
		{D0D331E3-4465-4C9B-9AB1-4035B17DFF25}.Release|x64.ActiveCfg = Release|x64
		{D0D331E3-4465-4C9B-9AB1-4035B17DFF25}.Release|x64.Build.0 = Release|x64
		{D0D331E3-4465-4C9B-9AB1-4035B17DFF25}.Release|x86.ActiveCfg = Release|Win32
		{D0D331E3-4465-4C9B-9AB1-4035B17DFF25}.Release|x86.Build.0 = Release|Win32
		{5547553C-BCF2-43B4-91C5-DEDEBDD81E31}.Debug|x64.ActiveCfg = Debug|x64
		{5547553C-BCF2-43B4-91C5-DEDEBDD81E31}.Debug|x64.Build.0 = Debug|x64
		{5547553C-BCF2-43B4-91C5-DEDEBDD81E31}.Debug|x86.ActiveCfg = Debug|Win32
		{5547553C-BCF2-43B4-91C5-DEDEBDD81E31}.Debug|x86.Build.0 = Debug|Win32
		{5547553C-BCF2-43B4-91C5-DEDEBDD81E31}.Release|x64.ActiveCfg = Release|x64
		{5547553C-BCF2-43B4-91C5-DEDEBDD81E31}.Release|x64.Build.0 = Release|x64
		{5547553C-BCF2-43B4-91C5-DEDEBDD81E31}.Release|x86.ActiveCfg = Release|Win32
		{5547553C-BCF2-43B4-91C5-DEDEBDD81E31}.Release|x86.Build.0 = Release|Win32
		{F0A86A34-D15F-4F8C-A893-F92ED13E08C4}.Debug|x64.ActiveCfg = Debug|x64
		{F0A86A34-D15F-4F8C-A893-F92ED13E08C4}.Debug|x64.Build.0 = Debug|x64
		{F0A86A34-D15F-4F8C-A893-F92ED13E08C4}.Debug|x86.ActiveCfg = Debug|Win32
		{F0A86A34-D15F-4F8C-A893-F92ED13E08C4}.Debug|x86.Build.0 = Debug|Win32
		{F0A86A34-D15F-4F8C-A893-F92ED13E08C4}.Release|x64.ActiveCfg = Release|x64
		{F0A86A34-D15F-4F8C-A893-F92ED13E08C4}.Release|x64.Build.0 = Release|x64
		{F0A86A34-D15F-4F8C-A893-F92ED13E08C4}.Release|x86.ActiveCfg = Release|Win32
		{F0A86A34-D15F-4F8C-A893-F92ED13E08C4}.Release|x86.Build.0 = Release|Win32
		{CFCE8335-AB79-4066-8159-E0225F7D093C}.Debug|x64.ActiveCfg = Debug|x64
		{CFCE8335-AB79-4066-8159-E0225F7D093C}.Debug|x64.Build.0 = Debug|x64
		{CFCE8335-AB79-4066-8159-E0225F7D093C}.Debug|x86.ActiveCfg = Debug|Win32
		{CFCE8335-AB79-4066-8159-E0225F7D093C}.Debug|x86.Build.0 = Debug|Win32
		{CFCE8335-AB79-4066-8159-E0225F7D093C}.Release|x64.ActiveCfg = Release|x64
		{CFCE8335-AB79-4066-8159-E0225F7D093C}.Release|x64.Build.0 = Release|x64
		{CFCE8335-AB79-4066-8159-E0225F7D093C}.Release|x86.ActiveCfg = Release|Win32
		{CFCE8335-AB79-4066-8159-E0225F7D093C}.Release|x86.Build.0 = Release|Win32
		{66D86A35-4BDD-47BD-83C3-5C33825565C2}.Debug|x64.ActiveCfg = Debug|x64
		{66D86A35-4BDD-47BD-83C3-5C33825565C2}.Debug|x64.Build.0 = Debug|x64
		{66D86A35-4BDD-47BD-83C3-5C33825565C2}.Debug|x86.ActiveCfg = Debug|Win32
		{66D86A35-4BDD-47BD-83C3-5C33825565C2}.Debug|x86.Build.0 = Debug|Win32
		{66D86A35-4BDD-47BD-83C3-5C33825565C2}.Release|x64.ActiveCfg = Release|x64
		{66D86A35-4BDD-47BD-83C3-5C33825565C2}.Release|x64.Build.0 = Release|x64
		{66D86A35-4BDD-47BD-83C3-5C33825565C2}.Release|x86.ActiveCfg = Release|Win32
		{66D86A35-4BDD-47BD-83C3-5C33825565C2}.Release|x86.Build.0 = Release|Win32
		{3DEF0DC5-7C47-4240-B6E4-D48D807EE78F}.Debug|x64.ActiveCfg = Debug|x64
		{3DEF0DC5-7C47-4240-B6E4-D48D807EE78F}.Debug|x64.Build.0 = Debug|x64
		{3DEF0DC5-7C47-4240-B6E4-D48D807EE78F}.Debug|x86.ActiveCfg = Debug|Win32
		{3DEF0DC5-7C47-4240-B6E4-D48D807EE78F}.Debug|x86.Build.0 = Debug|Win32
		{3DEF0DC5-7C47-4240-B6E4-D48D807EE78F}.Release|x64.ActiveCfg = Release|x64
		{3DEF0DC5-7C47-4240-B6E4-D48D807EE78F}.Release|x64.Build.0 = Release|x64
		{3DEF0DC5-7C47-4240-B6E4-D48D807EE78F}.Release|x86.ActiveCfg = Release|Win32
		{3DEF0DC5-7C47-4240-B6E4-D48D807EE78F}.Release|x86.Build.0 = Release|Win32
		{70B5A53D-C1C7-4358-A083-206D79E63152}.Debug|x64.ActiveCfg = Debug|x64
		{70B5A53D-C1C7-4358-A083-206D79E63152}.Debug|x64.Build.0 = Debug|x64
		{70B5A53D-C1C7-4358-A083-206D79E63152}.Debug|x86.ActiveCfg = Debug|Win32
		{70B5A53D-C1C7-4358-A083-206D79E63152}.Debug|x86.Build.0 = Debug|Win32
		{70B5A53D-C1C7-4358-A083-206D79E63152}.Release|x64.ActiveCfg = Release|x64
		{70B5A53D-C1C7-4358-A083-206D79E63152}.Release|x64.Build.0 = Release|x64
		{70B5A53D-C1C7-4358-A083-206D79E63152}.Release|x86.ActiveCfg = Release|Win32
		{70B5A53D-C1C7-4358-A083-206D79E63152}.Release|x86.Build.0 = Release|Win32
		{EC9DC727-6746-4622-AECD-211C040F540E}.Debug|x64.ActiveCfg = Debug|x64
		{EC9DC727-6746-4622-AECD-211C040F540E}.Debug|x64.Build.0 = Debug|x64
		{EC9DC727-6746-4622-AECD-211C040F540E}.Debug|x86.ActiveCfg = Debug|Win32
		{EC9DC727-6746-4622-AECD-211C040F540E}.Debug|x86.Build.0 = Debug|Win32
		{EC9DC727-6746-4622-AECD-211C040F540E}.Release|x64.ActiveCfg = Release|x64
		{EC9DC727-6746-4622-AECD-211C040F540E}.Release|x64.Build.0 = Release|x64
		{EC9DC727-6746-4622-AECD-211C040F540E}.Release|x86.ActiveCfg = Release|Win32
		{EC9DC727-6746-4622-AECD-211C040F540E}.Release|x86.Build.0 = Release|Win32
		{A541C3F4-CE36-4A29-9139-CD60C23AFFDE}.Debug|x64.ActiveCfg = Debug|x64
		{A541C3F4-CE36-4A29-9139-CD60C23AFFDE}.Debug|x64.Build.0 = Debug|x64
		{A541C3F4-CE36-4A29-9139-CD60C23AFFDE}.Debug|x86.ActiveCfg = Debug|Win32
		{A541C3F4-CE36-4A29-9139-CD60C23AFFDE}.Debug|x86.Build.0 = Debug|Win32
		{A541C3F4-CE36-4A29-9139-CD60C23AFFDE}.Release|x64.ActiveCfg = Release|x64
		{A541C3F4-CE36-4A29-9139-CD60C23AFFDE}.Release|x64.Build.0 = Release|x64
		{A541C3F4-CE36-4A29-9139-CD60C23AFFDE}.Release|x86.ActiveCfg = Release|Win32
		{A541C3F4-CE36-4A29-9139-CD60C23AFFDE}.Release|x86.Build.0 = Release|Win32
		{DA94E23F-C11C-4142-92B4-F339180E4639}.Debug|x64.ActiveCfg = Debug|x64
		{DA94E23F-C11C-4142-92B4-F339180E4639}.Debug|x64.Build.0 = Debug|x64
		{DA94E23F-C11C-4142-92B4-F339180E4639}.Debug|x86.ActiveCfg = Debug|Win32
		{DA94E23F-C11C-4142-92B4-F339180E4639}.Debug|x86.Build.0 = Debug|Win32
		{DA94E23F-C11C-4142-92B4-F339180E4639}.Release|x64.ActiveCfg = Release|x64
		{DA94E23F-C11C-4142-92B4-F339180E4639}.Release|x64.Build.0 = Release|x64
		{DA94E23F-C11C-4142-92B4-F339180E4639}.Release|x86.ActiveCfg = Release|Win32
		{DA94E23F-C11C-4142-92B4-F339180E4639}.Release|x86.Build.0 = Release|Win32
	EndGlobalSection
	GlobalSection(SolutionProperties) = preSolution
		HideSolutionNode = FALSE
	EndGlobalSection
EndGlobal
